
Microsoft Visual Studio Solution File, Format Version 12.00
# Visual Studio 14
VisualStudioVersion = 14.0.25420.1
MinimumVisualStudioVersion = 10.0.40219.1
Project("{FAE04EC0-301F-11D3-BF4B-00C04F79EFBC}") = "01.AverageStudentGrades", "01.AverageStudentGrades\01.AverageStudentGrades.csproj", "{142345AB-B7C5-4657-B266-6682DD06E37F}"
EndProject
Project("{FAE04EC0-301F-11D3-BF4B-00C04F79EFBC}") = "02.CitiesByContinentAndCountry", "02.CitiesByContinentAndCountry\02.CitiesByContinentAndCountry.csproj", "{A07F3101-DE8F-4016-8A6C-65C9829FA39A}"
EndProject
Project("{FAE04EC0-301F-11D3-BF4B-00C04F79EFBC}") = "03.RecordUniqueNames", "03.RecordUniqueNames\03.RecordUniqueNames.csproj", "{F4CA4E97-0BA7-420A-B321-AF940368A667}"
EndProject
Project("{FAE04EC0-301F-11D3-BF4B-00C04F79EFBC}") = "04.GroupContinentsCountriesAndCities", "04.GroupContinentsCountriesAndCities\04.GroupContinentsCountriesAndCities.csproj", "{4C09A1BE-9EAD-462A-8EDF-69B9BB0D0FCF}"
EndProject
Global
	GlobalSection(SolutionConfigurationPlatforms) = preSolution
		Debug|Any CPU = Debug|Any CPU
		Release|Any CPU = Release|Any CPU
	EndGlobalSection
	GlobalSection(ProjectConfigurationPlatforms) = postSolution
		{142345AB-B7C5-4657-B266-6682DD06E37F}.Debug|Any CPU.ActiveCfg = Debug|Any CPU
		{142345AB-B7C5-4657-B266-6682DD06E37F}.Debug|Any CPU.Build.0 = Debug|Any CPU
		{142345AB-B7C5-4657-B266-6682DD06E37F}.Release|Any CPU.ActiveCfg = Release|Any CPU
		{142345AB-B7C5-4657-B266-6682DD06E37F}.Release|Any CPU.Build.0 = Release|Any CPU
		{A07F3101-DE8F-4016-8A6C-65C9829FA39A}.Debug|Any CPU.ActiveCfg = Debug|Any CPU
		{A07F3101-DE8F-4016-8A6C-65C9829FA39A}.Debug|Any CPU.Build.0 = Debug|Any CPU
		{A07F3101-DE8F-4016-8A6C-65C9829FA39A}.Release|Any CPU.ActiveCfg = Release|Any CPU
		{A07F3101-DE8F-4016-8A6C-65C9829FA39A}.Release|Any CPU.Build.0 = Release|Any CPU
		{F4CA4E97-0BA7-420A-B321-AF940368A667}.Debug|Any CPU.ActiveCfg = Debug|Any CPU
		{F4CA4E97-0BA7-420A-B321-AF940368A667}.Debug|Any CPU.Build.0 = Debug|Any CPU
		{F4CA4E97-0BA7-420A-B321-AF940368A667}.Release|Any CPU.ActiveCfg = Release|Any CPU
		{F4CA4E97-0BA7-420A-B321-AF940368A667}.Release|Any CPU.Build.0 = Release|Any CPU
		{4C09A1BE-9EAD-462A-8EDF-69B9BB0D0FCF}.Debug|Any CPU.ActiveCfg = Debug|Any CPU
		{4C09A1BE-9EAD-462A-8EDF-69B9BB0D0FCF}.Debug|Any CPU.Build.0 = Debug|Any CPU
		{4C09A1BE-9EAD-462A-8EDF-69B9BB0D0FCF}.Release|Any CPU.ActiveCfg = Release|Any CPU
		{4C09A1BE-9EAD-462A-8EDF-69B9BB0D0FCF}.Release|Any CPU.Build.0 = Release|Any CPU
	EndGlobalSection
	GlobalSection(SolutionProperties) = preSolution
		HideSolutionNode = FALSE
	EndGlobalSection
EndGlobal
