
Microsoft Visual Studio Solution File, Format Version 12.00
# Visual Studio 14
VisualStudioVersion = 14.0.25420.1
MinimumVisualStudioVersion = 10.0.40219.1
Project("{FAE04EC0-301F-11D3-BF4B-00C04F79EFBC}") = "01.Register Users", "01.Register Users\01.Register Users.csproj", "{15F97DF3-520F-4D52-AC44-C56200141CE4}"
EndProject
Project("{FAE04EC0-301F-11D3-BF4B-00C04F79EFBC}") = "02.DefaultValues", "02.DefaultValues\02.DefaultValues.csproj", "{9F2BF72D-A6D9-4079-A5DC-3FFB4975A1F4}"
EndProject
Project("{FAE04EC0-301F-11D3-BF4B-00C04F79EFBC}") = "03.Flatten Dictionary", "03.Flatten Dictionary\03.Flatten Dictionary.csproj", "{B4904714-91FB-43E4-8D93-32B1A9DC4343}"
EndProject
Project("{FAE04EC0-301F-11D3-BF4B-00C04F79EFBC}") = "04.CottageScraper", "04.CottageScraper\04.CottageScraper.csproj", "{EBB228AE-251C-47C5-AA59-CD44AA99B45B}"
EndProject
Global
	GlobalSection(SolutionConfigurationPlatforms) = preSolution
		Debug|Any CPU = Debug|Any CPU
		Release|Any CPU = Release|Any CPU
	EndGlobalSection
	GlobalSection(ProjectConfigurationPlatforms) = postSolution
		{15F97DF3-520F-4D52-AC44-C56200141CE4}.Debug|Any CPU.ActiveCfg = Debug|Any CPU
		{15F97DF3-520F-4D52-AC44-C56200141CE4}.Debug|Any CPU.Build.0 = Debug|Any CPU
		{15F97DF3-520F-4D52-AC44-C56200141CE4}.Release|Any CPU.ActiveCfg = Release|Any CPU
		{15F97DF3-520F-4D52-AC44-C56200141CE4}.Release|Any CPU.Build.0 = Release|Any CPU
		{9F2BF72D-A6D9-4079-A5DC-3FFB4975A1F4}.Debug|Any CPU.ActiveCfg = Debug|Any CPU
		{9F2BF72D-A6D9-4079-A5DC-3FFB4975A1F4}.Debug|Any CPU.Build.0 = Debug|Any CPU
		{9F2BF72D-A6D9-4079-A5DC-3FFB4975A1F4}.Release|Any CPU.ActiveCfg = Release|Any CPU
		{9F2BF72D-A6D9-4079-A5DC-3FFB4975A1F4}.Release|Any CPU.Build.0 = Release|Any CPU
		{B4904714-91FB-43E4-8D93-32B1A9DC4343}.Debug|Any CPU.ActiveCfg = Debug|Any CPU
		{B4904714-91FB-43E4-8D93-32B1A9DC4343}.Debug|Any CPU.Build.0 = Debug|Any CPU
		{B4904714-91FB-43E4-8D93-32B1A9DC4343}.Release|Any CPU.ActiveCfg = Release|Any CPU
		{B4904714-91FB-43E4-8D93-32B1A9DC4343}.Release|Any CPU.Build.0 = Release|Any CPU
		{EBB228AE-251C-47C5-AA59-CD44AA99B45B}.Debug|Any CPU.ActiveCfg = Debug|Any CPU
		{EBB228AE-251C-47C5-AA59-CD44AA99B45B}.Debug|Any CPU.Build.0 = Debug|Any CPU
		{EBB228AE-251C-47C5-AA59-CD44AA99B45B}.Release|Any CPU.ActiveCfg = Release|Any CPU
		{EBB228AE-251C-47C5-AA59-CD44AA99B45B}.Release|Any CPU.Build.0 = Release|Any CPU
	EndGlobalSection
	GlobalSection(SolutionProperties) = preSolution
		HideSolutionNode = FALSE
	EndGlobalSection
EndGlobal
