
Microsoft Visual Studio Solution File, Format Version 12.00
# Visual Studio 14
VisualStudioVersion = 14.0.25420.1
MinimumVisualStudioVersion = 10.0.40219.1
Project("{FAE04EC0-301F-11D3-BF4B-00C04F79EFBC}") = "01.RemoveNegativesAndReverse", "01.RemoveNegativesAndReverse\01.RemoveNegativesAndReverse.csproj", "{AB2CF91D-B86B-4988-A722-FDFC63D0C5B8}"
EndProject
Project("{FAE04EC0-301F-11D3-BF4B-00C04F79EFBC}") = "02.AppendLists", "02.AppendLists\02.AppendLists.csproj", "{A4CF4215-3FF0-45C7-A594-97EA4B9963F3}"
EndProject
Project("{FAE04EC0-301F-11D3-BF4B-00C04F79EFBC}") = "03.SumAdjacentEqualNumbers", "03.SumAdjacentEqualNumbers\03.SumAdjacentEqualNumbers.csproj", "{22972F3F-A837-4B02-9563-0B44B822D7A6}"
EndProject
Project("{FAE04EC0-301F-11D3-BF4B-00C04F79EFBC}") = "04.SplitByWordCasing", "04.SplitByWordCasing\04.SplitByWordCasing.csproj", "{EF2F74A0-0766-4B59-8736-83817D47C591}"
EndProject
Project("{FAE04EC0-301F-11D3-BF4B-00C04F79EFBC}") = "05.SortNumbers", "05.SortNumbers\05.SortNumbers.csproj", "{9D463959-1D9E-4254-A270-FE4C03A96D2A}"
EndProject
Project("{FAE04EC0-301F-11D3-BF4B-00C04F79EFBC}") = "06.SquareNumbers", "06.SquareNumbers\06.SquareNumbers.csproj", "{D6E0912A-B6E0-4E05-B914-35B2D3F78E94}"
EndProject
Project("{FAE04EC0-301F-11D3-BF4B-00C04F79EFBC}") = "07.CountNumbers", "07.CountNumbers\07.CountNumbers.csproj", "{C185FEAB-ED90-4679-84EA-FCA6B070A994}"
EndProject
Global
	GlobalSection(SolutionConfigurationPlatforms) = preSolution
		Debug|Any CPU = Debug|Any CPU
		Release|Any CPU = Release|Any CPU
	EndGlobalSection
	GlobalSection(ProjectConfigurationPlatforms) = postSolution
		{AB2CF91D-B86B-4988-A722-FDFC63D0C5B8}.Debug|Any CPU.ActiveCfg = Debug|Any CPU
		{AB2CF91D-B86B-4988-A722-FDFC63D0C5B8}.Debug|Any CPU.Build.0 = Debug|Any CPU
		{AB2CF91D-B86B-4988-A722-FDFC63D0C5B8}.Release|Any CPU.ActiveCfg = Release|Any CPU
		{AB2CF91D-B86B-4988-A722-FDFC63D0C5B8}.Release|Any CPU.Build.0 = Release|Any CPU
		{A4CF4215-3FF0-45C7-A594-97EA4B9963F3}.Debug|Any CPU.ActiveCfg = Debug|Any CPU
		{A4CF4215-3FF0-45C7-A594-97EA4B9963F3}.Debug|Any CPU.Build.0 = Debug|Any CPU
		{A4CF4215-3FF0-45C7-A594-97EA4B9963F3}.Release|Any CPU.ActiveCfg = Release|Any CPU
		{A4CF4215-3FF0-45C7-A594-97EA4B9963F3}.Release|Any CPU.Build.0 = Release|Any CPU
		{22972F3F-A837-4B02-9563-0B44B822D7A6}.Debug|Any CPU.ActiveCfg = Debug|Any CPU
		{22972F3F-A837-4B02-9563-0B44B822D7A6}.Debug|Any CPU.Build.0 = Debug|Any CPU
		{22972F3F-A837-4B02-9563-0B44B822D7A6}.Release|Any CPU.ActiveCfg = Release|Any CPU
		{22972F3F-A837-4B02-9563-0B44B822D7A6}.Release|Any CPU.Build.0 = Release|Any CPU
		{EF2F74A0-0766-4B59-8736-83817D47C591}.Debug|Any CPU.ActiveCfg = Debug|Any CPU
		{EF2F74A0-0766-4B59-8736-83817D47C591}.Debug|Any CPU.Build.0 = Debug|Any CPU
		{EF2F74A0-0766-4B59-8736-83817D47C591}.Release|Any CPU.ActiveCfg = Release|Any CPU
		{EF2F74A0-0766-4B59-8736-83817D47C591}.Release|Any CPU.Build.0 = Release|Any CPU
		{9D463959-1D9E-4254-A270-FE4C03A96D2A}.Debug|Any CPU.ActiveCfg = Debug|Any CPU
		{9D463959-1D9E-4254-A270-FE4C03A96D2A}.Debug|Any CPU.Build.0 = Debug|Any CPU
		{9D463959-1D9E-4254-A270-FE4C03A96D2A}.Release|Any CPU.ActiveCfg = Release|Any CPU
		{9D463959-1D9E-4254-A270-FE4C03A96D2A}.Release|Any CPU.Build.0 = Release|Any CPU
		{D6E0912A-B6E0-4E05-B914-35B2D3F78E94}.Debug|Any CPU.ActiveCfg = Debug|Any CPU
		{D6E0912A-B6E0-4E05-B914-35B2D3F78E94}.Debug|Any CPU.Build.0 = Debug|Any CPU
		{D6E0912A-B6E0-4E05-B914-35B2D3F78E94}.Release|Any CPU.ActiveCfg = Release|Any CPU
		{D6E0912A-B6E0-4E05-B914-35B2D3F78E94}.Release|Any CPU.Build.0 = Release|Any CPU
		{C185FEAB-ED90-4679-84EA-FCA6B070A994}.Debug|Any CPU.ActiveCfg = Debug|Any CPU
		{C185FEAB-ED90-4679-84EA-FCA6B070A994}.Debug|Any CPU.Build.0 = Debug|Any CPU
		{C185FEAB-ED90-4679-84EA-FCA6B070A994}.Release|Any CPU.ActiveCfg = Release|Any CPU
		{C185FEAB-ED90-4679-84EA-FCA6B070A994}.Release|Any CPU.Build.0 = Release|Any CPU
	EndGlobalSection
	GlobalSection(SolutionProperties) = preSolution
		HideSolutionNode = FALSE
	EndGlobalSection
EndGlobal
